{
  "nodes": {
    "nixpkgs": {
      "locked": {
        "lastModified": 1692067901,
        "narHash": "sha256-kq8Pf/nmlXECDWMkQSRGQkjWsA6G0pjzZkfUEaTmXJE=",
        "owner": "nixos",
        "repo": "nixpkgs",
        "rev": "ea95c0917609e5c48023cc7c6141bea2fdf13970",
        "type": "github"
      },
      "original": {
        "owner": "nixos",
        "ref": "nixpkgs-unstable",
        "repo": "nixpkgs",
        "type": "github"
      }
    },
    "nixpkgs_2": {
      "locked": {
        "lastModified": 1692067901,
        "narHash": "sha256-kq8Pf/nmlXECDWMkQSRGQkjWsA6G0pjzZkfUEaTmXJE=",
        "owner": "NixOS",
        "repo": "nixpkgs",
        "rev": "ea95c0917609e5c48023cc7c6141bea2fdf13970",
        "type": "github"
      },
      "original": {
        "id": "nixpkgs",
        "type": "indirect"
      }
    },
    "nvim-vimrc-code": {
      "inputs": {
        "nixpkgs": "nixpkgs_2"
      },
      "locked": {
        "lastModified": 1692142477,
        "narHash": "sha256-YauiWsBdb1Xzht8tx+iAbuIOKaKQpetP/IZHDncy/64=",
        "owner": "argent0",
        "repo": "flake-nvim-vimrc-code",
        "rev": "6670ca489e1024b2997cfe8a666f40302def53cf",
        "type": "github"
      },
      "original": {
        "owner": "argent0",
        "repo": "flake-nvim-vimrc-code",
        "type": "github"
      }
    },
    "root": {
      "inputs": {
        "nixpkgs": "nixpkgs",
        "nvim-vimrc-code": "nvim-vimrc-code"
      }
    }
  },
  "root": "root",
  "version": 7
}
